// !$*UTF8*$!
{
	archiveVersion = 1;
	classes = {
	};
	objectVersion = 51;
	objects = {

/* Begin PBXBuildFile section */
		6E156A6F2619CA0B00BBE416 /* AppDelegate.swift in Sources */ = {isa = PBXBuildFile; fileRef = 6E156A6E2619CA0B00BBE416 /* AppDelegate.swift */; };
		6E156A712619CA0B00BBE416 /* SceneDelegate.swift in Sources */ = {isa = PBXBuildFile; fileRef = 6E156A702619CA0B00BBE416 /* SceneDelegate.swift */; };
		6E156A782619CA0B00BBE416 /* Assets.xcassets in Resources */ = {isa = PBXBuildFile; fileRef = 6E156A772619CA0B00BBE416 /* Assets.xcassets */; };
		6E156A7B2619CA0B00BBE416 /* LaunchScreen.storyboard in Resources */ = {isa = PBXBuildFile; fileRef = 6E156A792619CA0B00BBE416 /* LaunchScreen.storyboard */; };
		6E156A92261AE78400BBE416 /* ConversionRate.swift in Sources */ = {isa = PBXBuildFile; fileRef = 6E156A91261AE78400BBE416 /* ConversionRate.swift */; };
		6E156A96261AE88200BBE416 /* Transaction.swift in Sources */ = {isa = PBXBuildFile; fileRef = 6E156A95261AE88200BBE416 /* Transaction.swift */; };
		6E156A99261AE91200BBE416 /* TransactionRepository.swift in Sources */ = {isa = PBXBuildFile; fileRef = 6E156A98261AE91200BBE416 /* TransactionRepository.swift */; };
		6E156A9D261AE9F700BBE416 /* AppErrors.swift in Sources */ = {isa = PBXBuildFile; fileRef = 6E156A9C261AE9F700BBE416 /* AppErrors.swift */; };
		6E156AA5261AEEFF00BBE416 /* Decoder.swift in Sources */ = {isa = PBXBuildFile; fileRef = 6E156AA4261AEEFF00BBE416 /* Decoder.swift */; };
		6E156AA8261AF03E00BBE416 /* JsonDecoder.swift in Sources */ = {isa = PBXBuildFile; fileRef = 6E156AA7261AF03E00BBE416 /* JsonDecoder.swift */; };
		6E156AAF261AF11C00BBE416 /* Endpoint.swift in Sources */ = {isa = PBXBuildFile; fileRef = 6E156AAE261AF11C00BBE416 /* Endpoint.swift */; };
		6E156AB3261AF15B00BBE416 /* APIClient.swift in Sources */ = {isa = PBXBuildFile; fileRef = 6E156AB2261AF15B00BBE416 /* APIClient.swift */; };
		6E156ABB261AF22B00BBE416 /* AlamofireAPIClient.swift in Sources */ = {isa = PBXBuildFile; fileRef = 6E156ABA261AF22B00BBE416 /* AlamofireAPIClient.swift */; };
		6E156AC1261AF82700BBE416 /* TransactionEndpoints.swift in Sources */ = {isa = PBXBuildFile; fileRef = 6E156AC0261AF82700BBE416 /* TransactionEndpoints.swift */; };
		6E156AC7261AF9AF00BBE416 /* String+Plist.swift in Sources */ = {isa = PBXBuildFile; fileRef = 6E156AC6261AF9AF00BBE416 /* String+Plist.swift */; };
		6E156ACC261AF9F700BBE416 /* Constants.swift in Sources */ = {isa = PBXBuildFile; fileRef = 6E156ACB261AF9F700BBE416 /* Constants.swift */; };
		6E156AD2261AFCB500BBE416 /* ConversionRateAPI.swift in Sources */ = {isa = PBXBuildFile; fileRef = 6E156AD1261AFCB500BBE416 /* ConversionRateAPI.swift */; };
		6E156AD6261AFD1B00BBE416 /* TransactionAPI.swift in Sources */ = {isa = PBXBuildFile; fileRef = 6E156AD5261AFD1B00BBE416 /* TransactionAPI.swift */; };
		6E156AD9261AFD7F00BBE416 /* RemoteTransactionRepository.swift in Sources */ = {isa = PBXBuildFile; fileRef = 6E156AD8261AFD7F00BBE416 /* RemoteTransactionRepository.swift */; };
		6E156ADD261B000300BBE416 /* TransactionMapper.swift in Sources */ = {isa = PBXBuildFile; fileRef = 6E156ADC261B000300BBE416 /* TransactionMapper.swift */; };
		6E8D2967261B2310006CFD9B /* ReusableView.swift in Sources */ = {isa = PBXBuildFile; fileRef = 6E8D2966261B2310006CFD9B /* ReusableView.swift */; };
		6E8D2970261B2AE8006CFD9B /* ProductDetailViewController.swift in Sources */ = {isa = PBXBuildFile; fileRef = 6E8D296E261B2AE8006CFD9B /* ProductDetailViewController.swift */; };
		6E8D2971261B2AE8006CFD9B /* ProductDetailViewController.xib in Resources */ = {isa = PBXBuildFile; fileRef = 6E8D296F261B2AE8006CFD9B /* ProductDetailViewController.xib */; };
		6E8D2974261B2E4D006CFD9B /* ProductDetailPresenter.swift in Sources */ = {isa = PBXBuildFile; fileRef = 6E8D2973261B2E4D006CFD9B /* ProductDetailPresenter.swift */; };
		6E8D2979261C3BA0006CFD9B /* TransactionStorage.swift in Sources */ = {isa = PBXBuildFile; fileRef = 6E8D2978261C3BA0006CFD9B /* TransactionStorage.swift */; };
		6E8D297D261C64D0006CFD9B /* UIAlertController+Alerts.swift in Sources */ = {isa = PBXBuildFile; fileRef = 6E8D297C261C64D0006CFD9B /* UIAlertController+Alerts.swift */; };
		6E8D2981261C65CF006CFD9B /* Coordinable.swift in Sources */ = {isa = PBXBuildFile; fileRef = 6E8D2980261C65CF006CFD9B /* Coordinable.swift */; };
		6E8D2984261C660E006CFD9B /* TransactionListCoordinator.swift in Sources */ = {isa = PBXBuildFile; fileRef = 6E8D2983261C660E006CFD9B /* TransactionListCoordinator.swift */; };
		6E8D298C261C677A006CFD9B /* SwinjectAssembly.swift in Sources */ = {isa = PBXBuildFile; fileRef = 6E8D298B261C677A006CFD9B /* SwinjectAssembly.swift */; };
		6E8D298F261C67AE006CFD9B /* Assembly.swift in Sources */ = {isa = PBXBuildFile; fileRef = 6E8D298E261C67AE006CFD9B /* Assembly.swift */; };
		6E8D2992261C6C6E006CFD9B /* ProductDetailCoordinator.swift in Sources */ = {isa = PBXBuildFile; fileRef = 6E8D2991261C6C6E006CFD9B /* ProductDetailCoordinator.swift */; };
		6E8D2995261C9562006CFD9B /* Decimal+Formatter.swift in Sources */ = {isa = PBXBuildFile; fileRef = 6E8D2994261C9562006CFD9B /* Decimal+Formatter.swift */; };
		6E970CA3261B143100B0890F /* TransactionListViewController.swift in Sources */ = {isa = PBXBuildFile; fileRef = 6E970CA1261B143100B0890F /* TransactionListViewController.swift */; };
		6E970CA4261B143100B0890F /* TransactionListViewController.xib in Resources */ = {isa = PBXBuildFile; fileRef = 6E970CA2261B143100B0890F /* TransactionListViewController.xib */; };
		6E970CA7261B155800B0890F /* TransactionListPresenter.swift in Sources */ = {isa = PBXBuildFile; fileRef = 6E970CA6261B155800B0890F /* TransactionListPresenter.swift */; };
		6E970CAB261B16A900B0890F /* BasePresenter.swift in Sources */ = {isa = PBXBuildFile; fileRef = 6E970CAA261B16A900B0890F /* BasePresenter.swift */; };
		6E970CB0261B17D700B0890F /* TransactionCell.swift in Sources */ = {isa = PBXBuildFile; fileRef = 6E970CAE261B17D700B0890F /* TransactionCell.swift */; };
		6E970CB1261B17D700B0890F /* TransactionCell.xib in Resources */ = {isa = PBXBuildFile; fileRef = 6E970CAF261B17D700B0890F /* TransactionCell.xib */; };
		AFC81BFC8F8E5FE324FE8D62 /* Pods_GNBListing.framework in Frameworks */ = {isa = PBXBuildFile; fileRef = FAC4F8BD573C8D6F6BACB00B /* Pods_GNBListing.framework */; };
/* End PBXBuildFile section */

/* Begin PBXFileReference section */
		6E156A6B2619CA0B00BBE416 /* GNBListing.app */ = {isa = PBXFileReference; explicitFileType = wrapper.application; includeInIndex = 0; path = GNBListing.app; sourceTree = BUILT_PRODUCTS_DIR; };
		6E156A6E2619CA0B00BBE416 /* AppDelegate.swift */ = {isa = PBXFileReference; lastKnownFileType = sourcecode.swift; path = AppDelegate.swift; sourceTree = "<group>"; };
		6E156A702619CA0B00BBE416 /* SceneDelegate.swift */ = {isa = PBXFileReference; lastKnownFileType = sourcecode.swift; path = SceneDelegate.swift; sourceTree = "<group>"; };
		6E156A772619CA0B00BBE416 /* Assets.xcassets */ = {isa = PBXFileReference; lastKnownFileType = folder.assetcatalog; path = Assets.xcassets; sourceTree = "<group>"; };
		6E156A7A2619CA0B00BBE416 /* Base */ = {isa = PBXFileReference; lastKnownFileType = file.storyboard; name = Base; path = Base.lproj/LaunchScreen.storyboard; sourceTree = "<group>"; };
		6E156A7C2619CA0B00BBE416 /* Info.plist */ = {isa = PBXFileReference; lastKnownFileType = text.plist.xml; path = Info.plist; sourceTree = "<group>"; };
		6E156A91261AE78400BBE416 /* ConversionRate.swift */ = {isa = PBXFileReference; lastKnownFileType = sourcecode.swift; path = ConversionRate.swift; sourceTree = "<group>"; };
		6E156A95261AE88200BBE416 /* Transaction.swift */ = {isa = PBXFileReference; lastKnownFileType = sourcecode.swift; path = Transaction.swift; sourceTree = "<group>"; };
		6E156A98261AE91200BBE416 /* TransactionRepository.swift */ = {isa = PBXFileReference; lastKnownFileType = sourcecode.swift; path = TransactionRepository.swift; sourceTree = "<group>"; };
		6E156A9C261AE9F700BBE416 /* AppErrors.swift */ = {isa = PBXFileReference; lastKnownFileType = sourcecode.swift; path = AppErrors.swift; sourceTree = "<group>"; };
		6E156AA4261AEEFF00BBE416 /* Decoder.swift */ = {isa = PBXFileReference; lastKnownFileType = sourcecode.swift; path = Decoder.swift; sourceTree = "<group>"; };
		6E156AA7261AF03E00BBE416 /* JsonDecoder.swift */ = {isa = PBXFileReference; lastKnownFileType = sourcecode.swift; path = JsonDecoder.swift; sourceTree = "<group>"; };
		6E156AAE261AF11C00BBE416 /* Endpoint.swift */ = {isa = PBXFileReference; lastKnownFileType = sourcecode.swift; path = Endpoint.swift; sourceTree = "<group>"; };
		6E156AB2261AF15B00BBE416 /* APIClient.swift */ = {isa = PBXFileReference; lastKnownFileType = sourcecode.swift; path = APIClient.swift; sourceTree = "<group>"; };
		6E156ABA261AF22B00BBE416 /* AlamofireAPIClient.swift */ = {isa = PBXFileReference; lastKnownFileType = sourcecode.swift; path = AlamofireAPIClient.swift; sourceTree = "<group>"; };
		6E156AC0261AF82700BBE416 /* TransactionEndpoints.swift */ = {isa = PBXFileReference; lastKnownFileType = sourcecode.swift; path = TransactionEndpoints.swift; sourceTree = "<group>"; };
		6E156AC6261AF9AF00BBE416 /* String+Plist.swift */ = {isa = PBXFileReference; lastKnownFileType = sourcecode.swift; path = "String+Plist.swift"; sourceTree = "<group>"; };
		6E156ACB261AF9F700BBE416 /* Constants.swift */ = {isa = PBXFileReference; lastKnownFileType = sourcecode.swift; path = Constants.swift; sourceTree = "<group>"; };
		6E156AD1261AFCB500BBE416 /* ConversionRateAPI.swift */ = {isa = PBXFileReference; lastKnownFileType = sourcecode.swift; path = ConversionRateAPI.swift; sourceTree = "<group>"; };
		6E156AD5261AFD1B00BBE416 /* TransactionAPI.swift */ = {isa = PBXFileReference; lastKnownFileType = sourcecode.swift; path = TransactionAPI.swift; sourceTree = "<group>"; };
		6E156AD8261AFD7F00BBE416 /* RemoteTransactionRepository.swift */ = {isa = PBXFileReference; lastKnownFileType = sourcecode.swift; path = RemoteTransactionRepository.swift; sourceTree = "<group>"; };
		6E156ADC261B000300BBE416 /* TransactionMapper.swift */ = {isa = PBXFileReference; lastKnownFileType = sourcecode.swift; path = TransactionMapper.swift; sourceTree = "<group>"; };
		6E8D2966261B2310006CFD9B /* ReusableView.swift */ = {isa = PBXFileReference; lastKnownFileType = sourcecode.swift; path = ReusableView.swift; sourceTree = "<group>"; };
		6E8D296E261B2AE8006CFD9B /* ProductDetailViewController.swift */ = {isa = PBXFileReference; lastKnownFileType = sourcecode.swift; path = ProductDetailViewController.swift; sourceTree = "<group>"; };
		6E8D296F261B2AE8006CFD9B /* ProductDetailViewController.xib */ = {isa = PBXFileReference; lastKnownFileType = file.xib; path = ProductDetailViewController.xib; sourceTree = "<group>"; };
		6E8D2973261B2E4D006CFD9B /* ProductDetailPresenter.swift */ = {isa = PBXFileReference; lastKnownFileType = sourcecode.swift; path = ProductDetailPresenter.swift; sourceTree = "<group>"; };
		6E8D2978261C3BA0006CFD9B /* TransactionStorage.swift */ = {isa = PBXFileReference; lastKnownFileType = sourcecode.swift; path = TransactionStorage.swift; sourceTree = "<group>"; };
		6E8D297C261C64D0006CFD9B /* UIAlertController+Alerts.swift */ = {isa = PBXFileReference; lastKnownFileType = sourcecode.swift; path = "UIAlertController+Alerts.swift"; sourceTree = "<group>"; };
		6E8D2980261C65CF006CFD9B /* Coordinable.swift */ = {isa = PBXFileReference; fileEncoding = 4; lastKnownFileType = sourcecode.swift; path = Coordinable.swift; sourceTree = "<group>"; };
		6E8D2983261C660E006CFD9B /* TransactionListCoordinator.swift */ = {isa = PBXFileReference; lastKnownFileType = sourcecode.swift; path = TransactionListCoordinator.swift; sourceTree = "<group>"; };
		6E8D298B261C677A006CFD9B /* SwinjectAssembly.swift */ = {isa = PBXFileReference; fileEncoding = 4; lastKnownFileType = sourcecode.swift; path = SwinjectAssembly.swift; sourceTree = "<group>"; };
		6E8D298E261C67AE006CFD9B /* Assembly.swift */ = {isa = PBXFileReference; fileEncoding = 4; lastKnownFileType = sourcecode.swift; path = Assembly.swift; sourceTree = "<group>"; };
		6E8D2991261C6C6E006CFD9B /* ProductDetailCoordinator.swift */ = {isa = PBXFileReference; lastKnownFileType = sourcecode.swift; path = ProductDetailCoordinator.swift; sourceTree = "<group>"; };
		6E8D2994261C9562006CFD9B /* Decimal+Formatter.swift */ = {isa = PBXFileReference; lastKnownFileType = sourcecode.swift; path = "Decimal+Formatter.swift"; sourceTree = "<group>"; };
		6E970CA1261B143100B0890F /* TransactionListViewController.swift */ = {isa = PBXFileReference; lastKnownFileType = sourcecode.swift; path = TransactionListViewController.swift; sourceTree = "<group>"; };
		6E970CA2261B143100B0890F /* TransactionListViewController.xib */ = {isa = PBXFileReference; lastKnownFileType = file.xib; path = TransactionListViewController.xib; sourceTree = "<group>"; };
		6E970CA6261B155800B0890F /* TransactionListPresenter.swift */ = {isa = PBXFileReference; lastKnownFileType = sourcecode.swift; path = TransactionListPresenter.swift; sourceTree = "<group>"; };
		6E970CAA261B16A900B0890F /* BasePresenter.swift */ = {isa = PBXFileReference; lastKnownFileType = sourcecode.swift; path = BasePresenter.swift; sourceTree = "<group>"; };
		6E970CAE261B17D700B0890F /* TransactionCell.swift */ = {isa = PBXFileReference; lastKnownFileType = sourcecode.swift; path = TransactionCell.swift; sourceTree = "<group>"; };
		6E970CAF261B17D700B0890F /* TransactionCell.xib */ = {isa = PBXFileReference; lastKnownFileType = file.xib; path = TransactionCell.xib; sourceTree = "<group>"; };
		A5885A1EEEB416BBC47373AD /* Pods-GNBListing.debug.xcconfig */ = {isa = PBXFileReference; includeInIndex = 1; lastKnownFileType = text.xcconfig; name = "Pods-GNBListing.debug.xcconfig"; path = "Target Support Files/Pods-GNBListing/Pods-GNBListing.debug.xcconfig"; sourceTree = "<group>"; };
		C0FA531BE43414CC4D3F6F46 /* Pods-GNBListing.release.xcconfig */ = {isa = PBXFileReference; includeInIndex = 1; lastKnownFileType = text.xcconfig; name = "Pods-GNBListing.release.xcconfig"; path = "Target Support Files/Pods-GNBListing/Pods-GNBListing.release.xcconfig"; sourceTree = "<group>"; };
		FAC4F8BD573C8D6F6BACB00B /* Pods_GNBListing.framework */ = {isa = PBXFileReference; explicitFileType = wrapper.framework; includeInIndex = 0; path = Pods_GNBListing.framework; sourceTree = BUILT_PRODUCTS_DIR; };
/* End PBXFileReference section */

/* Begin PBXFrameworksBuildPhase section */
		6E156A682619CA0B00BBE416 /* Frameworks */ = {
			isa = PBXFrameworksBuildPhase;
			buildActionMask = 2147483647;
			files = (
				AFC81BFC8F8E5FE324FE8D62 /* Pods_GNBListing.framework in Frameworks */,
			);
			runOnlyForDeploymentPostprocessing = 0;
		};
/* End PBXFrameworksBuildPhase section */

/* Begin PBXGroup section */
		6B2FE3846E8E4C3AB0A60200 /* Frameworks */ = {
			isa = PBXGroup;
			children = (
				FAC4F8BD573C8D6F6BACB00B /* Pods_GNBListing.framework */,
			);
			name = Frameworks;
			sourceTree = "<group>";
		};
		6E156A622619CA0A00BBE416 = {
			isa = PBXGroup;
			children = (
				6E156A6D2619CA0B00BBE416 /* GNBListing */,
				6E156A6C2619CA0B00BBE416 /* Products */,
				F2E9148732FC5D329BF749C3 /* Pods */,
				6B2FE3846E8E4C3AB0A60200 /* Frameworks */,
			);
			sourceTree = "<group>";
		};
		6E156A6C2619CA0B00BBE416 /* Products */ = {
			isa = PBXGroup;
			children = (
				6E156A6B2619CA0B00BBE416 /* GNBListing.app */,
			);
			name = Products;
			sourceTree = "<group>";
		};
		6E156A6D2619CA0B00BBE416 /* GNBListing */ = {
			isa = PBXGroup;
			children = (
				6E156A832619CB4F00BBE416 /* Source */,
				6E156A842619CB5700BBE416 /* Resources */,
			);
			path = GNBListing;
			sourceTree = "<group>";
		};
		6E156A832619CB4F00BBE416 /* Source */ = {
			isa = PBXGroup;
			children = (
				6E156A872619CCE800BBE416 /* Presentation */,
				6E156A862619CCE200BBE416 /* Data */,
				6E156A852619CCDC00BBE416 /* Domain */,
				6E156AC4261AF98D00BBE416 /* Common */,
			);
			path = Source;
			sourceTree = "<group>";
		};
		6E156A842619CB5700BBE416 /* Resources */ = {
			isa = PBXGroup;
			children = (
				6E156A772619CA0B00BBE416 /* Assets.xcassets */,
				6E156A7C2619CA0B00BBE416 /* Info.plist */,
			);
			path = Resources;
			sourceTree = "<group>";
		};
		6E156A852619CCDC00BBE416 /* Domain */ = {
			isa = PBXGroup;
			children = (
				6E156A90261AE73F00BBE416 /* Repositories */,
				6E156A8F261AE73900BBE416 /* Models */,
				6E156A8E261AE72F00BBE416 /* Errors */,
			);
			path = Domain;
			sourceTree = "<group>";
		};
		6E156A862619CCE200BBE416 /* Data */ = {
			isa = PBXGroup;
			children = (
				6E156AAB261AF0FB00BBE416 /* Network */,
				6E156AA2261AEEE500BBE416 /* Decoding */,
				6E156ABD261AF71800BBE416 /* Repositories */,
			);
			path = Data;
			sourceTree = "<group>";
		};
		6E156A872619CCE800BBE416 /* Presentation */ = {
			isa = PBXGroup;
			children = (
				6E156A6E2619CA0B00BBE416 /* AppDelegate.swift */,
				6E156A702619CA0B00BBE416 /* SceneDelegate.swift */,
				6E8D2986261C6725006CFD9B /* DI */,
				6E8D297F261C65BA006CFD9B /* RouteCoordinators */,
				6E156ADF261B019300BBE416 /* Launch */,
				6E156AE1261B022600BBE416 /* Screens */,
			);
			path = Presentation;
			sourceTree = "<group>";
		};
		6E156A8E261AE72F00BBE416 /* Errors */ = {
			isa = PBXGroup;
			children = (
				6E156A9C261AE9F700BBE416 /* AppErrors.swift */,
			);
			path = Errors;
			sourceTree = "<group>";
		};
		6E156A8F261AE73900BBE416 /* Models */ = {
			isa = PBXGroup;
			children = (
				6E8D2978261C3BA0006CFD9B /* TransactionStorage.swift */,
				6E156A91261AE78400BBE416 /* ConversionRate.swift */,
				6E156A95261AE88200BBE416 /* Transaction.swift */,
			);
			path = Models;
			sourceTree = "<group>";
		};
		6E156A90261AE73F00BBE416 /* Repositories */ = {
			isa = PBXGroup;
			children = (
				6E156A98261AE91200BBE416 /* TransactionRepository.swift */,
			);
			path = Repositories;
			sourceTree = "<group>";
		};
		6E156AA2261AEEE500BBE416 /* Decoding */ = {
			isa = PBXGroup;
			children = (
				6E156AA4261AEEFF00BBE416 /* Decoder.swift */,
				6E156AA7261AF03E00BBE416 /* JsonDecoder.swift */,
			);
			path = Decoding;
			sourceTree = "<group>";
		};
		6E156AAB261AF0FB00BBE416 /* Network */ = {
			isa = PBXGroup;
			children = (
				6E156AAE261AF11C00BBE416 /* Endpoint.swift */,
				6E156AB2261AF15B00BBE416 /* APIClient.swift */,
				6E156AAC261AF10800BBE416 /* Alamofire */,
			);
			path = Network;
			sourceTree = "<group>";
		};
		6E156AAC261AF10800BBE416 /* Alamofire */ = {
			isa = PBXGroup;
			children = (
				6E156ABA261AF22B00BBE416 /* AlamofireAPIClient.swift */,
			);
			path = Alamofire;
			sourceTree = "<group>";
		};
		6E156ABD261AF71800BBE416 /* Repositories */ = {
			isa = PBXGroup;
			children = (
				6E156ABE261AF73E00BBE416 /* Transactions */,
			);
			path = Repositories;
			sourceTree = "<group>";
		};
		6E156ABE261AF73E00BBE416 /* Transactions */ = {
			isa = PBXGroup;
			children = (
				6E156ABF261AF80E00BBE416 /* Remote */,
			);
			path = Transactions;
			sourceTree = "<group>";
		};
		6E156ABF261AF80E00BBE416 /* Remote */ = {
			isa = PBXGroup;
			children = (
				6E156AC0261AF82700BBE416 /* TransactionEndpoints.swift */,
				6E156AD8261AFD7F00BBE416 /* RemoteTransactionRepository.swift */,
				6E156AD0261AFC9700BBE416 /* Models */,
				6E156ACF261AFC9100BBE416 /* Mappers */,
			);
			path = Remote;
			sourceTree = "<group>";
		};
		6E156AC4261AF98D00BBE416 /* Common */ = {
			isa = PBXGroup;
			children = (
				6E156ACA261AF9E300BBE416 /* Constants */,
				6E156AC5261AF99E00BBE416 /* Extensions */,
			);
			path = Common;
			sourceTree = "<group>";
		};
		6E156AC5261AF99E00BBE416 /* Extensions */ = {
			isa = PBXGroup;
			children = (
				6E156AC6261AF9AF00BBE416 /* String+Plist.swift */,
			);
			path = Extensions;
			sourceTree = "<group>";
		};
		6E156ACA261AF9E300BBE416 /* Constants */ = {
			isa = PBXGroup;
			children = (
				6E156ACB261AF9F700BBE416 /* Constants.swift */,
			);
			path = Constants;
			sourceTree = "<group>";
		};
		6E156ACF261AFC9100BBE416 /* Mappers */ = {
			isa = PBXGroup;
			children = (
				6E156ADC261B000300BBE416 /* TransactionMapper.swift */,
			);
			path = Mappers;
			sourceTree = "<group>";
		};
		6E156AD0261AFC9700BBE416 /* Models */ = {
			isa = PBXGroup;
			children = (
				6E156AD1261AFCB500BBE416 /* ConversionRateAPI.swift */,
				6E156AD5261AFD1B00BBE416 /* TransactionAPI.swift */,
			);
			path = Models;
			sourceTree = "<group>";
		};
		6E156ADF261B019300BBE416 /* Launch */ = {
			isa = PBXGroup;
			children = (
				6E156A792619CA0B00BBE416 /* LaunchScreen.storyboard */,
			);
			path = Launch;
			sourceTree = "<group>";
		};
		6E156AE1261B022600BBE416 /* Screens */ = {
			isa = PBXGroup;
			children = (
				6E970CA9261B16A000B0890F /* Common */,
				6E156AE3261B02A100BBE416 /* TransactionList */,
				6E156AE2261B027B00BBE416 /* ProductDetail */,
			);
			path = Screens;
			sourceTree = "<group>";
		};
		6E156AE2261B027B00BBE416 /* ProductDetail */ = {
			isa = PBXGroup;
			children = (
				6E8D296E261B2AE8006CFD9B /* ProductDetailViewController.swift */,
				6E8D296F261B2AE8006CFD9B /* ProductDetailViewController.xib */,
				6E8D2973261B2E4D006CFD9B /* ProductDetailPresenter.swift */,
			);
			path = ProductDetail;
			sourceTree = "<group>";
		};
		6E156AE3261B02A100BBE416 /* TransactionList */ = {
			isa = PBXGroup;
			children = (
				6E970CA1261B143100B0890F /* TransactionListViewController.swift */,
				6E970CA2261B143100B0890F /* TransactionListViewController.xib */,
				6E970CA6261B155800B0890F /* TransactionListPresenter.swift */,
				6E970CAE261B17D700B0890F /* TransactionCell.swift */,
				6E970CAF261B17D700B0890F /* TransactionCell.xib */,
			);
			path = TransactionList;
			sourceTree = "<group>";
		};
		6E8D297F261C65BA006CFD9B /* RouteCoordinators */ = {
			isa = PBXGroup;
			children = (
				6E8D2980261C65CF006CFD9B /* Coordinable.swift */,
				6E8D2983261C660E006CFD9B /* TransactionListCoordinator.swift */,
				6E8D2991261C6C6E006CFD9B /* ProductDetailCoordinator.swift */,
			);
			path = RouteCoordinators;
			sourceTree = "<group>";
		};
		6E8D2986261C6725006CFD9B /* DI */ = {
			isa = PBXGroup;
			children = (
				6E8D298E261C67AE006CFD9B /* Assembly.swift */,
				6E8D298B261C677A006CFD9B /* SwinjectAssembly.swift */,
			);
			path = DI;
			sourceTree = "<group>";
		};
		6E970CA9261B16A000B0890F /* Common */ = {
			isa = PBXGroup;
			children = (
				6E970CAA261B16A900B0890F /* BasePresenter.swift */,
				6E8D2966261B2310006CFD9B /* ReusableView.swift */,
				6E8D297C261C64D0006CFD9B /* UIAlertController+Alerts.swift */,
				6E8D2994261C9562006CFD9B /* Decimal+Formatter.swift */,
			);
			path = Common;
			sourceTree = "<group>";
		};
		F2E9148732FC5D329BF749C3 /* Pods */ = {
			isa = PBXGroup;
			children = (
				A5885A1EEEB416BBC47373AD /* Pods-GNBListing.debug.xcconfig */,
				C0FA531BE43414CC4D3F6F46 /* Pods-GNBListing.release.xcconfig */,
			);
			path = Pods;
			sourceTree = "<group>";
		};
/* End PBXGroup section */

/* Begin PBXNativeTarget section */
		6E156A6A2619CA0B00BBE416 /* GNBListing */ = {
			isa = PBXNativeTarget;
			buildConfigurationList = 6E156A7F2619CA0B00BBE416 /* Build configuration list for PBXNativeTarget "GNBListing" */;
			buildPhases = (
				EF2E4E5DF43102202B26DC84 /* [CP] Check Pods Manifest.lock */,
				6E156A672619CA0B00BBE416 /* Sources */,
				6E156A682619CA0B00BBE416 /* Frameworks */,
				6E156A692619CA0B00BBE416 /* Resources */,
				AF06BA1D74E72E0500F41184 /* [CP] Embed Pods Frameworks */,
			);
			buildRules = (
			);
			dependencies = (
			);
			name = GNBListing;
			productName = GNBListing;
			productReference = 6E156A6B2619CA0B00BBE416 /* GNBListing.app */;
			productType = "com.apple.product-type.application";
		};
/* End PBXNativeTarget section */

/* Begin PBXProject section */
		6E156A632619CA0A00BBE416 /* Project object */ = {
			isa = PBXProject;
			attributes = {
				LastSwiftUpdateCheck = 1240;
				LastUpgradeCheck = 1240;
				TargetAttributes = {
					6E156A6A2619CA0B00BBE416 = {
						CreatedOnToolsVersion = 12.4;
					};
				};
			};
			buildConfigurationList = 6E156A662619CA0A00BBE416 /* Build configuration list for PBXProject "GNBListing" */;
			compatibilityVersion = "Xcode 9.3";
			developmentRegion = en;
			hasScannedForEncodings = 0;
			knownRegions = (
				en,
				Base,
			);
			mainGroup = 6E156A622619CA0A00BBE416;
			productRefGroup = 6E156A6C2619CA0B00BBE416 /* Products */;
			projectDirPath = "";
			projectRoot = "";
			targets = (
				6E156A6A2619CA0B00BBE416 /* GNBListing */,
			);
		};
/* End PBXProject section */

/* Begin PBXResourcesBuildPhase section */
		6E156A692619CA0B00BBE416 /* Resources */ = {
			isa = PBXResourcesBuildPhase;
			buildActionMask = 2147483647;
			files = (
				6E156A7B2619CA0B00BBE416 /* LaunchScreen.storyboard in Resources */,
				6E156A782619CA0B00BBE416 /* Assets.xcassets in Resources */,
				6E970CB1261B17D700B0890F /* TransactionCell.xib in Resources */,
				6E8D2971261B2AE8006CFD9B /* ProductDetailViewController.xib in Resources */,
				6E970CA4261B143100B0890F /* TransactionListViewController.xib in Resources */,
			);
			runOnlyForDeploymentPostprocessing = 0;
		};
/* End PBXResourcesBuildPhase section */

/* Begin PBXShellScriptBuildPhase section */
		AF06BA1D74E72E0500F41184 /* [CP] Embed Pods Frameworks */ = {
			isa = PBXShellScriptBuildPhase;
			buildActionMask = 2147483647;
			files = (
			);
			inputFileListPaths = (
				"${PODS_ROOT}/Target Support Files/Pods-GNBListing/Pods-GNBListing-frameworks-${CONFIGURATION}-input-files.xcfilelist",
			);
			name = "[CP] Embed Pods Frameworks";
			outputFileListPaths = (
				"${PODS_ROOT}/Target Support Files/Pods-GNBListing/Pods-GNBListing-frameworks-${CONFIGURATION}-output-files.xcfilelist",
			);
			runOnlyForDeploymentPostprocessing = 0;
			shellPath = /bin/sh;
			shellScript = "\"${PODS_ROOT}/Target Support Files/Pods-GNBListing/Pods-GNBListing-frameworks.sh\"\n";
			showEnvVarsInLog = 0;
		};
		EF2E4E5DF43102202B26DC84 /* [CP] Check Pods Manifest.lock */ = {
			isa = PBXShellScriptBuildPhase;
			buildActionMask = 2147483647;
			files = (
			);
			inputFileListPaths = (
			);
			inputPaths = (
				"${PODS_PODFILE_DIR_PATH}/Podfile.lock",
				"${PODS_ROOT}/Manifest.lock",
			);
			name = "[CP] Check Pods Manifest.lock";
			outputFileListPaths = (
			);
			outputPaths = (
				"$(DERIVED_FILE_DIR)/Pods-GNBListing-checkManifestLockResult.txt",
			);
			runOnlyForDeploymentPostprocessing = 0;
			shellPath = /bin/sh;
			shellScript = "diff \"${PODS_PODFILE_DIR_PATH}/Podfile.lock\" \"${PODS_ROOT}/Manifest.lock\" > /dev/null\nif [ $? != 0 ] ; then\n    # print error to STDERR\n    echo \"error: The sandbox is not in sync with the Podfile.lock. Run 'pod install' or update your CocoaPods installation.\" >&2\n    exit 1\nfi\n# This output is used by Xcode 'outputs' to avoid re-running this script phase.\necho \"SUCCESS\" > \"${SCRIPT_OUTPUT_FILE_0}\"\n";
			showEnvVarsInLog = 0;
		};
/* End PBXShellScriptBuildPhase section */

/* Begin PBXSourcesBuildPhase section */
		6E156A672619CA0B00BBE416 /* Sources */ = {
			isa = PBXSourcesBuildPhase;
			buildActionMask = 2147483647;
			files = (
				6E8D2974261B2E4D006CFD9B /* ProductDetailPresenter.swift in Sources */,
				6E156A92261AE78400BBE416 /* ConversionRate.swift in Sources */,
				6E970CA3261B143100B0890F /* TransactionListViewController.swift in Sources */,
				6E156AD2261AFCB500BBE416 /* ConversionRateAPI.swift in Sources */,
				6E156A6F2619CA0B00BBE416 /* AppDelegate.swift in Sources */,
				6E156AA8261AF03E00BBE416 /* JsonDecoder.swift in Sources */,
				6E8D2970261B2AE8006CFD9B /* ProductDetailViewController.swift in Sources */,
				6E156ABB261AF22B00BBE416 /* AlamofireAPIClient.swift in Sources */,
				6E156ACC261AF9F700BBE416 /* Constants.swift in Sources */,
				6E8D297D261C64D0006CFD9B /* UIAlertController+Alerts.swift in Sources */,
				6E156ADD261B000300BBE416 /* TransactionMapper.swift in Sources */,
				6E156AAF261AF11C00BBE416 /* Endpoint.swift in Sources */,
				6E8D2967261B2310006CFD9B /* ReusableView.swift in Sources */,
				6E8D2984261C660E006CFD9B /* TransactionListCoordinator.swift in Sources */,
				6E156AB3261AF15B00BBE416 /* APIClient.swift in Sources */,
				6E156A712619CA0B00BBE416 /* SceneDelegate.swift in Sources */,
				6E156AD9261AFD7F00BBE416 /* RemoteTransactionRepository.swift in Sources */,
				6E8D2992261C6C6E006CFD9B /* ProductDetailCoordinator.swift in Sources */,
				6E156AD6261AFD1B00BBE416 /* TransactionAPI.swift in Sources */,
				6E156A99261AE91200BBE416 /* TransactionRepository.swift in Sources */,
				6E8D2981261C65CF006CFD9B /* Coordinable.swift in Sources */,
				6E8D298C261C677A006CFD9B /* SwinjectAssembly.swift in Sources */,
				6E156A9D261AE9F700BBE416 /* AppErrors.swift in Sources */,
				6E970CA7261B155800B0890F /* TransactionListPresenter.swift in Sources */,
				6E8D2995261C9562006CFD9B /* Decimal+Formatter.swift in Sources */,
				6E156AC1261AF82700BBE416 /* TransactionEndpoints.swift in Sources */,
				6E156AA5261AEEFF00BBE416 /* Decoder.swift in Sources */,
				6E156A96261AE88200BBE416 /* Transaction.swift in Sources */,
				6E8D2979261C3BA0006CFD9B /* TransactionStorage.swift in Sources */,
				6E970CB0261B17D700B0890F /* TransactionCell.swift in Sources */,
				6E8D298F261C67AE006CFD9B /* Assembly.swift in Sources */,
				6E156AC7261AF9AF00BBE416 /* String+Plist.swift in Sources */,
				6E970CAB261B16A900B0890F /* BasePresenter.swift in Sources */,
			);
			runOnlyForDeploymentPostprocessing = 0;
		};
/* End PBXSourcesBuildPhase section */

/* Begin PBXVariantGroup section */
		6E156A792619CA0B00BBE416 /* LaunchScreen.storyboard */ = {
			isa = PBXVariantGroup;
			children = (
				6E156A7A2619CA0B00BBE416 /* Base */,
			);
			name = LaunchScreen.storyboard;
			sourceTree = "<group>";
		};
/* End PBXVariantGroup section */

/* Begin XCBuildConfiguration section */
		6E156A7D2619CA0B00BBE416 /* Debug */ = {
			isa = XCBuildConfiguration;
			buildSettings = {
				ALWAYS_SEARCH_USER_PATHS = NO;
				CLANG_ANALYZER_NONNULL = YES;
				CLANG_ANALYZER_NUMBER_OBJECT_CONVERSION = YES_AGGRESSIVE;
				CLANG_CXX_LANGUAGE_STANDARD = "gnu++14";
				CLANG_CXX_LIBRARY = "libc++";
				CLANG_ENABLE_MODULES = YES;
				CLANG_ENABLE_OBJC_ARC = YES;
				CLANG_ENABLE_OBJC_WEAK = YES;
				CLANG_WARN_BLOCK_CAPTURE_AUTORELEASING = YES;
				CLANG_WARN_BOOL_CONVERSION = YES;
				CLANG_WARN_COMMA = YES;
				CLANG_WARN_CONSTANT_CONVERSION = YES;
				CLANG_WARN_DEPRECATED_OBJC_IMPLEMENTATIONS = YES;
				CLANG_WARN_DIRECT_OBJC_ISA_USAGE = YES_ERROR;
				CLANG_WARN_DOCUMENTATION_COMMENTS = YES;
				CLANG_WARN_EMPTY_BODY = YES;
				CLANG_WARN_ENUM_CONVERSION = YES;
				CLANG_WARN_INFINITE_RECURSION = YES;
				CLANG_WARN_INT_CONVERSION = YES;
				CLANG_WARN_NON_LITERAL_NULL_CONVERSION = YES;
				CLANG_WARN_OBJC_IMPLICIT_RETAIN_SELF = YES;
				CLANG_WARN_OBJC_LITERAL_CONVERSION = YES;
				CLANG_WARN_OBJC_ROOT_CLASS = YES_ERROR;
				CLANG_WARN_QUOTED_INCLUDE_IN_FRAMEWORK_HEADER = YES;
				CLANG_WARN_RANGE_LOOP_ANALYSIS = YES;
				CLANG_WARN_STRICT_PROTOTYPES = YES;
				CLANG_WARN_SUSPICIOUS_MOVE = YES;
				CLANG_WARN_UNGUARDED_AVAILABILITY = YES_AGGRESSIVE;
				CLANG_WARN_UNREACHABLE_CODE = YES;
				CLANG_WARN__DUPLICATE_METHOD_MATCH = YES;
				COPY_PHASE_STRIP = NO;
				DEBUG_INFORMATION_FORMAT = dwarf;
				ENABLE_STRICT_OBJC_MSGSEND = YES;
				ENABLE_TESTABILITY = YES;
				GCC_C_LANGUAGE_STANDARD = gnu11;
				GCC_DYNAMIC_NO_PIC = NO;
				GCC_NO_COMMON_BLOCKS = YES;
				GCC_OPTIMIZATION_LEVEL = 0;
				GCC_PREPROCESSOR_DEFINITIONS = (
					"DEBUG=1",
					"$(inherited)",
				);
				GCC_WARN_64_TO_32_BIT_CONVERSION = YES;
				GCC_WARN_ABOUT_RETURN_TYPE = YES_ERROR;
				GCC_WARN_UNDECLARED_SELECTOR = YES;
				GCC_WARN_UNINITIALIZED_AUTOS = YES_AGGRESSIVE;
				GCC_WARN_UNUSED_FUNCTION = YES;
				GCC_WARN_UNUSED_VARIABLE = YES;
				IPHONEOS_DEPLOYMENT_TARGET = 14.4;
				MTL_ENABLE_DEBUG_INFO = INCLUDE_SOURCE;
				MTL_FAST_MATH = YES;
				ONLY_ACTIVE_ARCH = YES;
				SDKROOT = iphoneos;
				SWIFT_ACTIVE_COMPILATION_CONDITIONS = DEBUG;
				SWIFT_OPTIMIZATION_LEVEL = "-Onone";
			};
			name = Debug;
		};
		6E156A7E2619CA0B00BBE416 /* Release */ = {
			isa = XCBuildConfiguration;
			buildSettings = {
				ALWAYS_SEARCH_USER_PATHS = NO;
				CLANG_ANALYZER_NONNULL = YES;
				CLANG_ANALYZER_NUMBER_OBJECT_CONVERSION = YES_AGGRESSIVE;
				CLANG_CXX_LANGUAGE_STANDARD = "gnu++14";
				CLANG_CXX_LIBRARY = "libc++";
				CLANG_ENABLE_MODULES = YES;
				CLANG_ENABLE_OBJC_ARC = YES;
				CLANG_ENABLE_OBJC_WEAK = YES;
				CLANG_WARN_BLOCK_CAPTURE_AUTORELEASING = YES;
				CLANG_WARN_BOOL_CONVERSION = YES;
				CLANG_WARN_COMMA = YES;
				CLANG_WARN_CONSTANT_CONVERSION = YES;
				CLANG_WARN_DEPRECATED_OBJC_IMPLEMENTATIONS = YES;
				CLANG_WARN_DIRECT_OBJC_ISA_USAGE = YES_ERROR;
				CLANG_WARN_DOCUMENTATION_COMMENTS = YES;
				CLANG_WARN_EMPTY_BODY = YES;
				CLANG_WARN_ENUM_CONVERSION = YES;
				CLANG_WARN_INFINITE_RECURSION = YES;
				CLANG_WARN_INT_CONVERSION = YES;
				CLANG_WARN_NON_LITERAL_NULL_CONVERSION = YES;
				CLANG_WARN_OBJC_IMPLICIT_RETAIN_SELF = YES;
				CLANG_WARN_OBJC_LITERAL_CONVERSION = YES;
				CLANG_WARN_OBJC_ROOT_CLASS = YES_ERROR;
				CLANG_WARN_QUOTED_INCLUDE_IN_FRAMEWORK_HEADER = YES;
				CLANG_WARN_RANGE_LOOP_ANALYSIS = YES;
				CLANG_WARN_STRICT_PROTOTYPES = YES;
				CLANG_WARN_SUSPICIOUS_MOVE = YES;
				CLANG_WARN_UNGUARDED_AVAILABILITY = YES_AGGRESSIVE;
				CLANG_WARN_UNREACHABLE_CODE = YES;
				CLANG_WARN__DUPLICATE_METHOD_MATCH = YES;
				COPY_PHASE_STRIP = NO;
				DEBUG_INFORMATION_FORMAT = "dwarf-with-dsym";
				ENABLE_NS_ASSERTIONS = NO;
				ENABLE_STRICT_OBJC_MSGSEND = YES;
				GCC_C_LANGUAGE_STANDARD = gnu11;
				GCC_NO_COMMON_BLOCKS = YES;
				GCC_WARN_64_TO_32_BIT_CONVERSION = YES;
				GCC_WARN_ABOUT_RETURN_TYPE = YES_ERROR;
				GCC_WARN_UNDECLARED_SELECTOR = YES;
				GCC_WARN_UNINITIALIZED_AUTOS = YES_AGGRESSIVE;
				GCC_WARN_UNUSED_FUNCTION = YES;
				GCC_WARN_UNUSED_VARIABLE = YES;
				IPHONEOS_DEPLOYMENT_TARGET = 14.4;
				MTL_ENABLE_DEBUG_INFO = NO;
				MTL_FAST_MATH = YES;
				SDKROOT = iphoneos;
				SWIFT_COMPILATION_MODE = wholemodule;
				SWIFT_OPTIMIZATION_LEVEL = "-O";
				VALIDATE_PRODUCT = YES;
			};
			name = Release;
		};
		6E156A802619CA0B00BBE416 /* Debug */ = {
			isa = XCBuildConfiguration;
			baseConfigurationReference = A5885A1EEEB416BBC47373AD /* Pods-GNBListing.debug.xcconfig */;
			buildSettings = {
				ASSETCATALOG_COMPILER_APPICON_NAME = AppIcon;
				ASSETCATALOG_COMPILER_GLOBAL_ACCENT_COLOR_NAME = AccentColor;
				CODE_SIGN_STYLE = Automatic;
				INFOPLIST_FILE = GNBListing/Resources/Info.plist;
				LD_RUNPATH_SEARCH_PATHS = (
					"$(inherited)",
					"@executable_path/Frameworks",
				);
				PRODUCT_BUNDLE_IDENTIFIER = com.pablosanchez.GNBListing;
				PRODUCT_NAME = "$(TARGET_NAME)";
				SWIFT_VERSION = 5.0;
				TARGETED_DEVICE_FAMILY = "1,2";
			};
			name = Debug;
		};
		6E156A812619CA0B00BBE416 /* Release */ = {
			isa = XCBuildConfiguration;
			baseConfigurationReference = C0FA531BE43414CC4D3F6F46 /* Pods-GNBListing.release.xcconfig */;
			buildSettings = {
				ASSETCATALOG_COMPILER_APPICON_NAME = AppIcon;
				ASSETCATALOG_COMPILER_GLOBAL_ACCENT_COLOR_NAME = AccentColor;
				CODE_SIGN_STYLE = Automatic;
				INFOPLIST_FILE = GNBListing/Resources/Info.plist;
				LD_RUNPATH_SEARCH_PATHS = (
					"$(inherited)",
					"@executable_path/Frameworks",
				);
				PRODUCT_BUNDLE_IDENTIFIER = com.pablosanchez.GNBListing;
				PRODUCT_NAME = "$(TARGET_NAME)";
				SWIFT_VERSION = 5.0;
				TARGETED_DEVICE_FAMILY = "1,2";
			};
			name = Release;
		};
/* End XCBuildConfiguration section */

/* Begin XCConfigurationList section */
		6E156A662619CA0A00BBE416 /* Build configuration list for PBXProject "GNBListing" */ = {
			isa = XCConfigurationList;
			buildConfigurations = (
				6E156A7D2619CA0B00BBE416 /* Debug */,
				6E156A7E2619CA0B00BBE416 /* Release */,
			);
			defaultConfigurationIsVisible = 0;
			defaultConfigurationName = Release;
		};
		6E156A7F2619CA0B00BBE416 /* Build configuration list for PBXNativeTarget "GNBListing" */ = {
			isa = XCConfigurationList;
			buildConfigurations = (
				6E156A802619CA0B00BBE416 /* Debug */,
				6E156A812619CA0B00BBE416 /* Release */,
			);
			defaultConfigurationIsVisible = 0;
			defaultConfigurationName = Release;
		};
/* End XCConfigurationList section */
	};
	rootObject = 6E156A632619CA0A00BBE416 /* Project object */;
}
